
Microsoft Visual Studio Solution File, Format Version 12.00
# Visual Studio Express 2012 for Windows Desktop
Project("{FAE04EC0-301F-11D3-BF4B-00C04F79EFBC}") = "TestOMX", "TestOMX\TestOMX.csproj", "{A1CAC884-3743-41B9-92E5-0B5EC01023F8}"
EndProject
Global
	GlobalSection(SolutionConfigurationPlatforms) = preSolution
		Debug|Any CPU = Debug|Any CPU
		Release|Any CPU = Release|Any CPU
	EndGlobalSection
	GlobalSection(ProjectConfigurationPlatforms) = postSolution
		{A1CAC884-3743-41B9-92E5-0B5EC01023F8}.Debug|Any CPU.ActiveCfg = Debug|Any CPU
		{A1CAC884-3743-41B9-92E5-0B5EC01023F8}.Debug|Any CPU.Build.0 = Debug|Any CPU
		{A1CAC884-3743-41B9-92E5-0B5EC01023F8}.Release|Any CPU.ActiveCfg = Release|Any CPU
		{A1CAC884-3743-41B9-92E5-0B5EC01023F8}.Release|Any CPU.Build.0 = Release|Any CPU
	EndGlobalSection
	GlobalSection(SolutionProperties) = preSolution
		HideSolutionNode = FALSE
	EndGlobalSection
EndGlobal
