
Microsoft Visual Studio Solution File, Format Version 12.00
# Visual Studio Express 2012 for Windows Desktop
Project("{FAE04EC0-301F-11D3-BF4B-00C04F79EFBC}") = "CSharpOMX", "CSharpOMX\CSharpOMX.csproj", "{CDED499D-1D73-4535-B4CE-0347096934B4}"
EndProject
Global
	GlobalSection(SolutionConfigurationPlatforms) = preSolution
		Debug|Any CPU = Debug|Any CPU
		Release|Any CPU = Release|Any CPU
	EndGlobalSection
	GlobalSection(ProjectConfigurationPlatforms) = postSolution
		{CDED499D-1D73-4535-B4CE-0347096934B4}.Debug|Any CPU.ActiveCfg = Debug|Any CPU
		{CDED499D-1D73-4535-B4CE-0347096934B4}.Debug|Any CPU.Build.0 = Debug|Any CPU
		{CDED499D-1D73-4535-B4CE-0347096934B4}.Release|Any CPU.ActiveCfg = Release|Any CPU
		{CDED499D-1D73-4535-B4CE-0347096934B4}.Release|Any CPU.Build.0 = Release|Any CPU
	EndGlobalSection
	GlobalSection(SolutionProperties) = preSolution
		HideSolutionNode = FALSE
	EndGlobalSection
EndGlobal
